
Microsoft Visual Studio Solution File, Format Version 12.00
# Visual Studio Version 17
VisualStudioVersion = 17.4.33213.308
MinimumVisualStudioVersion = 10.0.40219.1
Project("{9A19103F-16F7-4668-BE54-9A1E7A4F7556}") = "MediaBazaarSemester2Retake", "MediaBazaarSemester2Retake\MediaBazaarSemester2Retake.csproj", "{79180CAC-1A42-4017-B4D9-220DC78A095B}"
	ProjectSection(ProjectDependencies) = postProject
		{BAFE8B5E-357D-466C-A1D0-01767EC0BD78} = {BAFE8B5E-357D-466C-A1D0-01767EC0BD78}
	EndProjectSection
EndProject
Project("{9A19103F-16F7-4668-BE54-9A1E7A4F7556}") = "BusinessLogicLayer", "BusinessLogicLayer\BusinessLogicLayer.csproj", "{22447A8A-42A2-4987-A281-998198FFA93F}"
EndProject
Project("{9A19103F-16F7-4668-BE54-9A1E7A4F7556}") = "DAL", "DAL\DAL.csproj", "{6CC81F39-20D3-43AA-9802-C50055B66E35}"
EndProject
Project("{9A19103F-16F7-4668-BE54-9A1E7A4F7556}") = "Factory", "Factory\Factory.csproj", "{BAFE8B5E-357D-466C-A1D0-01767EC0BD78}"
EndProject
Project("{9A19103F-16F7-4668-BE54-9A1E7A4F7556}") = "WebApp", "WebApp\WebApp.csproj", "{86E127FE-DF22-49B9-A415-C216178A2B40}"
EndProject
Project("{9A19103F-16F7-4668-BE54-9A1E7A4F7556}") = "Testing", "Testing\Testing.csproj", "{C0771431-6A55-49AF-8E7C-AEEADE9106F7}"
EndProject
Project("{FAE04EC0-301F-11D3-BF4B-00C04F79EFBC}") = "UnitTestProject1", "UnitTestProject1\UnitTestProject1.csproj", "{A40E7B5C-1B70-4D2D-935E-FC478B920A56}"
EndProject
Global
	GlobalSection(SolutionConfigurationPlatforms) = preSolution
		Debug|Any CPU = Debug|Any CPU
		Release|Any CPU = Release|Any CPU
	EndGlobalSection
	GlobalSection(ProjectConfigurationPlatforms) = postSolution
		{79180CAC-1A42-4017-B4D9-220DC78A095B}.Debug|Any CPU.ActiveCfg = Debug|Any CPU
		{79180CAC-1A42-4017-B4D9-220DC78A095B}.Debug|Any CPU.Build.0 = Debug|Any CPU
		{79180CAC-1A42-4017-B4D9-220DC78A095B}.Release|Any CPU.ActiveCfg = Release|Any CPU
		{79180CAC-1A42-4017-B4D9-220DC78A095B}.Release|Any CPU.Build.0 = Release|Any CPU
		{22447A8A-42A2-4987-A281-998198FFA93F}.Debug|Any CPU.ActiveCfg = Debug|Any CPU
		{22447A8A-42A2-4987-A281-998198FFA93F}.Debug|Any CPU.Build.0 = Debug|Any CPU
		{22447A8A-42A2-4987-A281-998198FFA93F}.Release|Any CPU.ActiveCfg = Release|Any CPU
		{22447A8A-42A2-4987-A281-998198FFA93F}.Release|Any CPU.Build.0 = Release|Any CPU
		{6CC81F39-20D3-43AA-9802-C50055B66E35}.Debug|Any CPU.ActiveCfg = Debug|Any CPU
		{6CC81F39-20D3-43AA-9802-C50055B66E35}.Debug|Any CPU.Build.0 = Debug|Any CPU
		{6CC81F39-20D3-43AA-9802-C50055B66E35}.Release|Any CPU.ActiveCfg = Release|Any CPU
		{6CC81F39-20D3-43AA-9802-C50055B66E35}.Release|Any CPU.Build.0 = Release|Any CPU
		{BAFE8B5E-357D-466C-A1D0-01767EC0BD78}.Debug|Any CPU.ActiveCfg = Debug|Any CPU
		{BAFE8B5E-357D-466C-A1D0-01767EC0BD78}.Debug|Any CPU.Build.0 = Debug|Any CPU
		{BAFE8B5E-357D-466C-A1D0-01767EC0BD78}.Release|Any CPU.ActiveCfg = Release|Any CPU
		{BAFE8B5E-357D-466C-A1D0-01767EC0BD78}.Release|Any CPU.Build.0 = Release|Any CPU
		{86E127FE-DF22-49B9-A415-C216178A2B40}.Debug|Any CPU.ActiveCfg = Debug|Any CPU
		{86E127FE-DF22-49B9-A415-C216178A2B40}.Debug|Any CPU.Build.0 = Debug|Any CPU
		{86E127FE-DF22-49B9-A415-C216178A2B40}.Release|Any CPU.ActiveCfg = Release|Any CPU
		{86E127FE-DF22-49B9-A415-C216178A2B40}.Release|Any CPU.Build.0 = Release|Any CPU
		{C0771431-6A55-49AF-8E7C-AEEADE9106F7}.Debug|Any CPU.ActiveCfg = Debug|Any CPU
		{C0771431-6A55-49AF-8E7C-AEEADE9106F7}.Debug|Any CPU.Build.0 = Debug|Any CPU
		{C0771431-6A55-49AF-8E7C-AEEADE9106F7}.Release|Any CPU.ActiveCfg = Release|Any CPU
		{C0771431-6A55-49AF-8E7C-AEEADE9106F7}.Release|Any CPU.Build.0 = Release|Any CPU
		{A40E7B5C-1B70-4D2D-935E-FC478B920A56}.Debug|Any CPU.ActiveCfg = Debug|Any CPU
		{A40E7B5C-1B70-4D2D-935E-FC478B920A56}.Debug|Any CPU.Build.0 = Debug|Any CPU
		{A40E7B5C-1B70-4D2D-935E-FC478B920A56}.Release|Any CPU.ActiveCfg = Release|Any CPU
		{A40E7B5C-1B70-4D2D-935E-FC478B920A56}.Release|Any CPU.Build.0 = Release|Any CPU
	EndGlobalSection
	GlobalSection(SolutionProperties) = preSolution
		HideSolutionNode = FALSE
	EndGlobalSection
	GlobalSection(ExtensibilityGlobals) = postSolution
		SolutionGuid = {46378646-349C-4204-9695-79D9FF4C7D00}
	EndGlobalSection
EndGlobal
